// !$*UTF8*$!
{
	archiveVersion = 1;
	classes = {
	};
	objectVersion = 46;
	objects = {

/* Begin PBXBuildFile section */
		8F78D7471F2FC5FA003390FB /* AppDelegate.swift in Sources */ = {isa = PBXBuildFile; fileRef = 8F78D7461F2FC5FA003390FB /* AppDelegate.swift */; };
		8F78D7491F2FC5FA003390FB /* ViewController.swift in Sources */ = {isa = PBXBuildFile; fileRef = 8F78D7481F2FC5FA003390FB /* ViewController.swift */; };
		8F78D74C1F2FC5FA003390FB /* Main.storyboard in Resources */ = {isa = PBXBuildFile; fileRef = 8F78D74A1F2FC5FA003390FB /* Main.storyboard */; };
		8F78D74E1F2FC5FA003390FB /* Assets.xcassets in Resources */ = {isa = PBXBuildFile; fileRef = 8F78D74D1F2FC5FA003390FB /* Assets.xcassets */; };
		8F78D7511F2FC5FA003390FB /* LaunchScreen.storyboard in Resources */ = {isa = PBXBuildFile; fileRef = 8F78D74F1F2FC5FA003390FB /* LaunchScreen.storyboard */; };
		8F78D75C1F2FC5FA003390FB /* mlSpikeTests.swift in Sources */ = {isa = PBXBuildFile; fileRef = 8F78D75B1F2FC5FA003390FB /* mlSpikeTests.swift */; };
		8F78D7671F2FC5FA003390FB /* mlSpikeUITests.swift in Sources */ = {isa = PBXBuildFile; fileRef = 8F78D7661F2FC5FA003390FB /* mlSpikeUITests.swift */; };
		8FD869101F2FDA7E00C98DDE /* Inceptionv3.mlmodel in Sources */ = {isa = PBXBuildFile; fileRef = 8FD8690F1F2FDA7E00C98DDE /* Inceptionv3.mlmodel */; };
/* End PBXBuildFile section */

/* Begin PBXContainerItemProxy section */
		8F78D7581F2FC5FA003390FB /* PBXContainerItemProxy */ = {
			isa = PBXContainerItemProxy;
			containerPortal = 8F78D73B1F2FC5FA003390FB /* Project object */;
			proxyType = 1;
			remoteGlobalIDString = 8F78D7421F2FC5FA003390FB;
			remoteInfo = mlSpike;
		};
		8F78D7631F2FC5FA003390FB /* PBXContainerItemProxy */ = {
			isa = PBXContainerItemProxy;
			containerPortal = 8F78D73B1F2FC5FA003390FB /* Project object */;
			proxyType = 1;
			remoteGlobalIDString = 8F78D7421F2FC5FA003390FB;
			remoteInfo = mlSpike;
		};
/* End PBXContainerItemProxy section */

/* Begin PBXFileReference section */
		8F78D7431F2FC5FA003390FB /* mlSpike.app */ = {isa = PBXFileReference; explicitFileType = wrapper.application; includeInIndex = 0; path = mlSpike.app; sourceTree = BUILT_PRODUCTS_DIR; };
		8F78D7461F2FC5FA003390FB /* AppDelegate.swift */ = {isa = PBXFileReference; lastKnownFileType = sourcecode.swift; path = AppDelegate.swift; sourceTree = "<group>"; };
		8F78D7481F2FC5FA003390FB /* ViewController.swift */ = {isa = PBXFileReference; lastKnownFileType = sourcecode.swift; path = ViewController.swift; sourceTree = "<group>"; };
		8F78D74B1F2FC5FA003390FB /* Base */ = {isa = PBXFileReference; lastKnownFileType = file.storyboard; name = Base; path = Base.lproj/Main.storyboard; sourceTree = "<group>"; };
		8F78D74D1F2FC5FA003390FB /* Assets.xcassets */ = {isa = PBXFileReference; lastKnownFileType = folder.assetcatalog; path = Assets.xcassets; sourceTree = "<group>"; };
		8F78D7501F2FC5FA003390FB /* Base */ = {isa = PBXFileReference; lastKnownFileType = file.storyboard; name = Base; path = Base.lproj/LaunchScreen.storyboard; sourceTree = "<group>"; };
		8F78D7521F2FC5FA003390FB /* Info.plist */ = {isa = PBXFileReference; lastKnownFileType = text.plist.xml; path = Info.plist; sourceTree = "<group>"; };
		8F78D7571F2FC5FA003390FB /* mlSpikeTests.xctest */ = {isa = PBXFileReference; explicitFileType = wrapper.cfbundle; includeInIndex = 0; path = mlSpikeTests.xctest; sourceTree = BUILT_PRODUCTS_DIR; };
		8F78D75B1F2FC5FA003390FB /* mlSpikeTests.swift */ = {isa = PBXFileReference; lastKnownFileType = sourcecode.swift; path = mlSpikeTests.swift; sourceTree = "<group>"; };
		8F78D75D1F2FC5FA003390FB /* Info.plist */ = {isa = PBXFileReference; lastKnownFileType = text.plist.xml; path = Info.plist; sourceTree = "<group>"; };
		8F78D7621F2FC5FA003390FB /* mlSpikeUITests.xctest */ = {isa = PBXFileReference; explicitFileType = wrapper.cfbundle; includeInIndex = 0; path = mlSpikeUITests.xctest; sourceTree = BUILT_PRODUCTS_DIR; };
		8F78D7661F2FC5FA003390FB /* mlSpikeUITests.swift */ = {isa = PBXFileReference; lastKnownFileType = sourcecode.swift; path = mlSpikeUITests.swift; sourceTree = "<group>"; };
		8F78D7681F2FC5FA003390FB /* Info.plist */ = {isa = PBXFileReference; lastKnownFileType = text.plist.xml; path = Info.plist; sourceTree = "<group>"; };
		8FD8690F1F2FDA7E00C98DDE /* Inceptionv3.mlmodel */ = {isa = PBXFileReference; lastKnownFileType = file.mlmodel; name = Inceptionv3.mlmodel; path = ../../../../Downloads/Inceptionv3.mlmodel; sourceTree = "<group>"; };
/* End PBXFileReference section */

/* Begin PBXFrameworksBuildPhase section */
		8F78D7401F2FC5FA003390FB /* Frameworks */ = {
			isa = PBXFrameworksBuildPhase;
			buildActionMask = 2147483647;
			files = (
			);
			runOnlyForDeploymentPostprocessing = 0;
		};
		8F78D7541F2FC5FA003390FB /* Frameworks */ = {
			isa = PBXFrameworksBuildPhase;
			buildActionMask = 2147483647;
			files = (
			);
			runOnlyForDeploymentPostprocessing = 0;
		};
		8F78D75F1F2FC5FA003390FB /* Frameworks */ = {
			isa = PBXFrameworksBuildPhase;
			buildActionMask = 2147483647;
			files = (
			);
			runOnlyForDeploymentPostprocessing = 0;
		};
/* End PBXFrameworksBuildPhase section */

/* Begin PBXGroup section */
		8F78D73A1F2FC5FA003390FB = {
			isa = PBXGroup;
			children = (
				8F78D7451F2FC5FA003390FB /* mlSpike */,
				8F78D75A1F2FC5FA003390FB /* mlSpikeTests */,
				8F78D7651F2FC5FA003390FB /* mlSpikeUITests */,
				8F78D7441F2FC5FA003390FB /* Products */,
			);
			sourceTree = "<group>";
		};
		8F78D7441F2FC5FA003390FB /* Products */ = {
			isa = PBXGroup;
			children = (
				8F78D7431F2FC5FA003390FB /* mlSpike.app */,
				8F78D7571F2FC5FA003390FB /* mlSpikeTests.xctest */,
				8F78D7621F2FC5FA003390FB /* mlSpikeUITests.xctest */,
			);
			name = Products;
			sourceTree = "<group>";
		};
		8F78D7451F2FC5FA003390FB /* mlSpike */ = {
			isa = PBXGroup;
			children = (
				8FD8690F1F2FDA7E00C98DDE /* Inceptionv3.mlmodel */,
				8F78D7461F2FC5FA003390FB /* AppDelegate.swift */,
				8F78D7481F2FC5FA003390FB /* ViewController.swift */,
				8F78D74A1F2FC5FA003390FB /* Main.storyboard */,
				8F78D74D1F2FC5FA003390FB /* Assets.xcassets */,
				8F78D74F1F2FC5FA003390FB /* LaunchScreen.storyboard */,
				8F78D7521F2FC5FA003390FB /* Info.plist */,
			);
			path = mlSpike;
			sourceTree = "<group>";
		};
		8F78D75A1F2FC5FA003390FB /* mlSpikeTests */ = {
			isa = PBXGroup;
			children = (
				8F78D75B1F2FC5FA003390FB /* mlSpikeTests.swift */,
				8F78D75D1F2FC5FA003390FB /* Info.plist */,
			);
			path = mlSpikeTests;
			sourceTree = "<group>";
		};
		8F78D7651F2FC5FA003390FB /* mlSpikeUITests */ = {
			isa = PBXGroup;
			children = (
				8F78D7661F2FC5FA003390FB /* mlSpikeUITests.swift */,
				8F78D7681F2FC5FA003390FB /* Info.plist */,
			);
			path = mlSpikeUITests;
			sourceTree = "<group>";
		};
/* End PBXGroup section */

/* Begin PBXNativeTarget section */
		8F78D7421F2FC5FA003390FB /* mlSpike */ = {
			isa = PBXNativeTarget;
			buildConfigurationList = 8F78D76B1F2FC5FA003390FB /* Build configuration list for PBXNativeTarget "mlSpike" */;
			buildPhases = (
				8F78D73F1F2FC5FA003390FB /* Sources */,
				8F78D7401F2FC5FA003390FB /* Frameworks */,
				8F78D7411F2FC5FA003390FB /* Resources */,
			);
			buildRules = (
			);
			dependencies = (
			);
			name = mlSpike;
			productName = mlSpike;
			productReference = 8F78D7431F2FC5FA003390FB /* mlSpike.app */;
			productType = "com.apple.product-type.application";
		};
		8F78D7561F2FC5FA003390FB /* mlSpikeTests */ = {
			isa = PBXNativeTarget;
			buildConfigurationList = 8F78D76E1F2FC5FA003390FB /* Build configuration list for PBXNativeTarget "mlSpikeTests" */;
			buildPhases = (
				8F78D7531F2FC5FA003390FB /* Sources */,
				8F78D7541F2FC5FA003390FB /* Frameworks */,
				8F78D7551F2FC5FA003390FB /* Resources */,
			);
			buildRules = (
			);
			dependencies = (
				8F78D7591F2FC5FA003390FB /* PBXTargetDependency */,
			);
			name = mlSpikeTests;
			productName = mlSpikeTests;
			productReference = 8F78D7571F2FC5FA003390FB /* mlSpikeTests.xctest */;
			productType = "com.apple.product-type.bundle.unit-test";
		};
		8F78D7611F2FC5FA003390FB /* mlSpikeUITests */ = {
			isa = PBXNativeTarget;
			buildConfigurationList = 8F78D7711F2FC5FA003390FB /* Build configuration list for PBXNativeTarget "mlSpikeUITests" */;
			buildPhases = (
				8F78D75E1F2FC5FA003390FB /* Sources */,
				8F78D75F1F2FC5FA003390FB /* Frameworks */,
				8F78D7601F2FC5FA003390FB /* Resources */,
			);
			buildRules = (
			);
			dependencies = (
				8F78D7641F2FC5FA003390FB /* PBXTargetDependency */,
			);
			name = mlSpikeUITests;
			productName = mlSpikeUITests;
			productReference = 8F78D7621F2FC5FA003390FB /* mlSpikeUITests.xctest */;
			productType = "com.apple.product-type.bundle.ui-testing";
		};
/* End PBXNativeTarget section */

/* Begin PBXProject section */
		8F78D73B1F2FC5FA003390FB /* Project object */ = {
			isa = PBXProject;
			attributes = {
				LastSwiftUpdateCheck = 0830;
				LastUpgradeCheck = 0830;
				ORGANIZATIONNAME = "Taylor, James";
				TargetAttributes = {
					8F78D7421F2FC5FA003390FB = {
						CreatedOnToolsVersion = 8.3.3;
						DevelopmentTeam = 3UNUY4A2PK;
						ProvisioningStyle = Automatic;
					};
					8F78D7561F2FC5FA003390FB = {
						CreatedOnToolsVersion = 8.3.3;
						DevelopmentTeam = 3UNUY4A2PK;
						ProvisioningStyle = Automatic;
						TestTargetID = 8F78D7421F2FC5FA003390FB;
					};
					8F78D7611F2FC5FA003390FB = {
						CreatedOnToolsVersion = 8.3.3;
						DevelopmentTeam = 3UNUY4A2PK;
						ProvisioningStyle = Automatic;
						TestTargetID = 8F78D7421F2FC5FA003390FB;
					};
				};
			};
			buildConfigurationList = 8F78D73E1F2FC5FA003390FB /* Build configuration list for PBXProject "mlSpike" */;
			compatibilityVersion = "Xcode 3.2";
			developmentRegion = English;
			hasScannedForEncodings = 0;
			knownRegions = (
				en,
				Base,
			);
			mainGroup = 8F78D73A1F2FC5FA003390FB;
			productRefGroup = 8F78D7441F2FC5FA003390FB /* Products */;
			projectDirPath = "";
			projectRoot = "";
			targets = (
				8F78D7421F2FC5FA003390FB /* mlSpike */,
				8F78D7561F2FC5FA003390FB /* mlSpikeTests */,
				8F78D7611F2FC5FA003390FB /* mlSpikeUITests */,
			);
		};
/* End PBXProject section */

/* Begin PBXResourcesBuildPhase section */
		8F78D7411F2FC5FA003390FB /* Resources */ = {
			isa = PBXResourcesBuildPhase;
			buildActionMask = 2147483647;
			files = (
				8F78D7511F2FC5FA003390FB /* LaunchScreen.storyboard in Resources */,
				8F78D74E1F2FC5FA003390FB /* Assets.xcassets in Resources */,
				8F78D74C1F2FC5FA003390FB /* Main.storyboard in Resources */,
			);
			runOnlyForDeploymentPostprocessing = 0;
		};
		8F78D7551F2FC5FA003390FB /* Resources */ = {
			isa = PBXResourcesBuildPhase;
			buildActionMask = 2147483647;
			files = (
			);
			runOnlyForDeploymentPostprocessing = 0;
		};
		8F78D7601F2FC5FA003390FB /* Resources */ = {
			isa = PBXResourcesBuildPhase;
			buildActionMask = 2147483647;
			files = (
			);
			runOnlyForDeploymentPostprocessing = 0;
		};
/* End PBXResourcesBuildPhase section */

/* Begin PBXSourcesBuildPhase section */
		8F78D73F1F2FC5FA003390FB /* Sources */ = {
			isa = PBXSourcesBuildPhase;
			buildActionMask = 2147483647;
			files = (
				8F78D7491F2FC5FA003390FB /* ViewController.swift in Sources */,
				8FD869101F2FDA7E00C98DDE /* Inceptionv3.mlmodel in Sources */,
				8F78D7471F2FC5FA003390FB /* AppDelegate.swift in Sources */,
			);
			runOnlyForDeploymentPostprocessing = 0;
		};
		8F78D7531F2FC5FA003390FB /* Sources */ = {
			isa = PBXSourcesBuildPhase;
			buildActionMask = 2147483647;
			files = (
				8F78D75C1F2FC5FA003390FB /* mlSpikeTests.swift in Sources */,
			);
			runOnlyForDeploymentPostprocessing = 0;
		};
		8F78D75E1F2FC5FA003390FB /* Sources */ = {
			isa = PBXSourcesBuildPhase;
			buildActionMask = 2147483647;
			files = (
				8F78D7671F2FC5FA003390FB /* mlSpikeUITests.swift in Sources */,
			);
			runOnlyForDeploymentPostprocessing = 0;
		};
/* End PBXSourcesBuildPhase section */

/* Begin PBXTargetDependency section */
		8F78D7591F2FC5FA003390FB /* PBXTargetDependency */ = {
			isa = PBXTargetDependency;
			target = 8F78D7421F2FC5FA003390FB /* mlSpike */;
			targetProxy = 8F78D7581F2FC5FA003390FB /* PBXContainerItemProxy */;
		};
		8F78D7641F2FC5FA003390FB /* PBXTargetDependency */ = {
			isa = PBXTargetDependency;
			target = 8F78D7421F2FC5FA003390FB /* mlSpike */;
			targetProxy = 8F78D7631F2FC5FA003390FB /* PBXContainerItemProxy */;
		};
/* End PBXTargetDependency section */

/* Begin PBXVariantGroup section */
		8F78D74A1F2FC5FA003390FB /* Main.storyboard */ = {
			isa = PBXVariantGroup;
			children = (
				8F78D74B1F2FC5FA003390FB /* Base */,
			);
			name = Main.storyboard;
			sourceTree = "<group>";
		};
		8F78D74F1F2FC5FA003390FB /* LaunchScreen.storyboard */ = {
			isa = PBXVariantGroup;
			children = (
				8F78D7501F2FC5FA003390FB /* Base */,
			);
			name = LaunchScreen.storyboard;
			sourceTree = "<group>";
		};
/* End PBXVariantGroup section */

/* Begin XCBuildConfiguration section */
		8F78D7691F2FC5FA003390FB /* Debug */ = {
			isa = XCBuildConfiguration;
			buildSettings = {
				ALWAYS_SEARCH_USER_PATHS = NO;
				CLANG_ANALYZER_NONNULL = YES;
				CLANG_ANALYZER_NUMBER_OBJECT_CONVERSION = YES_AGGRESSIVE;
				CLANG_CXX_LANGUAGE_STANDARD = "gnu++0x";
				CLANG_CXX_LIBRARY = "libc++";
				CLANG_ENABLE_MODULES = YES;
				CLANG_ENABLE_OBJC_ARC = YES;
				CLANG_WARN_BOOL_CONVERSION = YES;
				CLANG_WARN_CONSTANT_CONVERSION = YES;
				CLANG_WARN_DIRECT_OBJC_ISA_USAGE = YES_ERROR;
				CLANG_WARN_DOCUMENTATION_COMMENTS = YES;
				CLANG_WARN_EMPTY_BODY = YES;
				CLANG_WARN_ENUM_CONVERSION = YES;
				CLANG_WARN_INFINITE_RECURSION = YES;
				CLANG_WARN_INT_CONVERSION = YES;
				CLANG_WARN_OBJC_ROOT_CLASS = YES_ERROR;
				CLANG_WARN_SUSPICIOUS_MOVE = YES;
				CLANG_WARN_UNREACHABLE_CODE = YES;
				CLANG_WARN__DUPLICATE_METHOD_MATCH = YES;
				"CODE_SIGN_IDENTITY[sdk=iphoneos*]" = "iPhone Developer";
				COPY_PHASE_STRIP = NO;
				DEBUG_INFORMATION_FORMAT = dwarf;
				ENABLE_STRICT_OBJC_MSGSEND = YES;
				ENABLE_TESTABILITY = YES;
				GCC_C_LANGUAGE_STANDARD = gnu99;
				GCC_DYNAMIC_NO_PIC = NO;
				GCC_NO_COMMON_BLOCKS = YES;
				GCC_OPTIMIZATION_LEVEL = 0;
				GCC_PREPROCESSOR_DEFINITIONS = (
					"DEBUG=1",
					"$(inherited)",
				);
				GCC_WARN_64_TO_32_BIT_CONVERSION = YES;
				GCC_WARN_ABOUT_RETURN_TYPE = YES_ERROR;
				GCC_WARN_UNDECLARED_SELECTOR = YES;
				GCC_WARN_UNINITIALIZED_AUTOS = YES_AGGRESSIVE;
				GCC_WARN_UNUSED_FUNCTION = YES;
				GCC_WARN_UNUSED_VARIABLE = YES;
				IPHONEOS_DEPLOYMENT_TARGET = 11.0;
				MTL_ENABLE_DEBUG_INFO = YES;
				ONLY_ACTIVE_ARCH = YES;
				SDKROOT = iphoneos;
				SWIFT_ACTIVE_COMPILATION_CONDITIONS = DEBUG;
				SWIFT_OPTIMIZATION_LEVEL = "-Onone";
				TARGETED_DEVICE_FAMILY = "1,2";
			};
			name = Debug;
		};
		8F78D76A1F2FC5FA003390FB /* Release */ = {
			isa = XCBuildConfiguration;
			buildSettings = {
				ALWAYS_SEARCH_USER_PATHS = NO;
				CLANG_ANALYZER_NONNULL = YES;
				CLANG_ANALYZER_NUMBER_OBJECT_CONVERSION = YES_AGGRESSIVE;
				CLANG_CXX_LANGUAGE_STANDARD = "gnu++0x";
				CLANG_CXX_LIBRARY = "libc++";
				CLANG_ENABLE_MODULES = YES;
				CLANG_ENABLE_OBJC_ARC = YES;
				CLANG_WARN_BOOL_CONVERSION = YES;
				CLANG_WARN_CONSTANT_CONVERSION = YES;
				CLANG_WARN_DIRECT_OBJC_ISA_USAGE = YES_ERROR;
				CLANG_WARN_DOCUMENTATION_COMMENTS = YES;
				CLANG_WARN_EMPTY_BODY = YES;
				CLANG_WARN_ENUM_CONVERSION = YES;
				CLANG_WARN_INFINITE_RECURSION = YES;
				CLANG_WARN_INT_CONVERSION = YES;
				CLANG_WARN_OBJC_ROOT_CLASS = YES_ERROR;
				CLANG_WARN_SUSPICIOUS_MOVE = YES;
				CLANG_WARN_UNREACHABLE_CODE = YES;
				CLANG_WARN__DUPLICATE_METHOD_MATCH = YES;
				"CODE_SIGN_IDENTITY[sdk=iphoneos*]" = "iPhone Developer";
				COPY_PHASE_STRIP = NO;
				DEBUG_INFORMATION_FORMAT = "dwarf-with-dsym";
				ENABLE_NS_ASSERTIONS = NO;
				ENABLE_STRICT_OBJC_MSGSEND = YES;
				GCC_C_LANGUAGE_STANDARD = gnu99;
				GCC_NO_COMMON_BLOCKS = YES;
				GCC_WARN_64_TO_32_BIT_CONVERSION = YES;
				GCC_WARN_ABOUT_RETURN_TYPE = YES_ERROR;
				GCC_WARN_UNDECLARED_SELECTOR = YES;
				GCC_WARN_UNINITIALIZED_AUTOS = YES_AGGRESSIVE;
				GCC_WARN_UNUSED_FUNCTION = YES;
				GCC_WARN_UNUSED_VARIABLE = YES;
				IPHONEOS_DEPLOYMENT_TARGET = 11.0;
				MTL_ENABLE_DEBUG_INFO = NO;
				SDKROOT = iphoneos;
				SWIFT_OPTIMIZATION_LEVEL = "-Owholemodule";
				TARGETED_DEVICE_FAMILY = "1,2";
				VALIDATE_PRODUCT = YES;
			};
			name = Release;
		};
		8F78D76C1F2FC5FA003390FB /* Debug */ = {
			isa = XCBuildConfiguration;
			buildSettings = {
				ASSETCATALOG_COMPILER_APPICON_NAME = AppIcon;
				DEVELOPMENT_TEAM = 3UNUY4A2PK;
				INFOPLIST_FILE = mlSpike/Info.plist;
				LD_RUNPATH_SEARCH_PATHS = "$(inherited) @executable_path/Frameworks";
				PRODUCT_BUNDLE_IDENTIFIER = com.jamesjmtaylor.mlSpike;
				PRODUCT_NAME = "$(TARGET_NAME)";
				SWIFT_VERSION = 3.0;
			};
			name = Debug;
		};
		8F78D76D1F2FC5FA003390FB /* Release */ = {
			isa = XCBuildConfiguration;
			buildSettings = {
				ASSETCATALOG_COMPILER_APPICON_NAME = AppIcon;
				DEVELOPMENT_TEAM = 3UNUY4A2PK;
				INFOPLIST_FILE = mlSpike/Info.plist;
				LD_RUNPATH_SEARCH_PATHS = "$(inherited) @executable_path/Frameworks";
				PRODUCT_BUNDLE_IDENTIFIER = com.jamesjmtaylor.mlSpike;
				PRODUCT_NAME = "$(TARGET_NAME)";
				SWIFT_VERSION = 3.0;
			};
			name = Release;
		};
		8F78D76F1F2FC5FA003390FB /* Debug */ = {
			isa = XCBuildConfiguration;
			buildSettings = {
				ALWAYS_EMBED_SWIFT_STANDARD_LIBRARIES = YES;
				BUNDLE_LOADER = "$(TEST_HOST)";
				DEVELOPMENT_TEAM = 3UNUY4A2PK;
				INFOPLIST_FILE = mlSpikeTests/Info.plist;
				LD_RUNPATH_SEARCH_PATHS = "$(inherited) @executable_path/Frameworks @loader_path/Frameworks";
				PRODUCT_BUNDLE_IDENTIFIER = com.jamesjmtaylor.mlSpikeTests;
				PRODUCT_NAME = "$(TARGET_NAME)";
				SWIFT_VERSION = 3.0;
				TEST_HOST = "$(BUILT_PRODUCTS_DIR)/mlSpike.app/mlSpike";
			};
			name = Debug;
		};
		8F78D7701F2FC5FA003390FB /* Release */ = {
			isa = XCBuildConfiguration;
			buildSettings = {
				ALWAYS_EMBED_SWIFT_STANDARD_LIBRARIES = YES;
				BUNDLE_LOADER = "$(TEST_HOST)";
				DEVELOPMENT_TEAM = 3UNUY4A2PK;
				INFOPLIST_FILE = mlSpikeTests/Info.plist;
				LD_RUNPATH_SEARCH_PATHS = "$(inherited) @executable_path/Frameworks @loader_path/Frameworks";
				PRODUCT_BUNDLE_IDENTIFIER = com.jamesjmtaylor.mlSpikeTests;
				PRODUCT_NAME = "$(TARGET_NAME)";
				SWIFT_VERSION = 3.0;
				TEST_HOST = "$(BUILT_PRODUCTS_DIR)/mlSpike.app/mlSpike";
			};
			name = Release;
		};
		8F78D7721F2FC5FA003390FB /* Debug */ = {
			isa = XCBuildConfiguration;
			buildSettings = {
				ALWAYS_EMBED_SWIFT_STANDARD_LIBRARIES = YES;
				DEVELOPMENT_TEAM = 3UNUY4A2PK;
				INFOPLIST_FILE = mlSpikeUITests/Info.plist;
				LD_RUNPATH_SEARCH_PATHS = "$(inherited) @executable_path/Frameworks @loader_path/Frameworks";
				PRODUCT_BUNDLE_IDENTIFIER = com.jamesjmtaylor.mlSpikeUITests;
				PRODUCT_NAME = "$(TARGET_NAME)";
				SWIFT_VERSION = 3.0;
				TEST_TARGET_NAME = mlSpike;
			};
			name = Debug;
		};
		8F78D7731F2FC5FA003390FB /* Release */ = {
			isa = XCBuildConfiguration;
			buildSettings = {
				ALWAYS_EMBED_SWIFT_STANDARD_LIBRARIES = YES;
				DEVELOPMENT_TEAM = 3UNUY4A2PK;
				INFOPLIST_FILE = mlSpikeUITests/Info.plist;
				LD_RUNPATH_SEARCH_PATHS = "$(inherited) @executable_path/Frameworks @loader_path/Frameworks";
				PRODUCT_BUNDLE_IDENTIFIER = com.jamesjmtaylor.mlSpikeUITests;
				PRODUCT_NAME = "$(TARGET_NAME)";
				SWIFT_VERSION = 3.0;
				TEST_TARGET_NAME = mlSpike;
			};
			name = Release;
		};
/* End XCBuildConfiguration section */

/* Begin XCConfigurationList section */
		8F78D73E1F2FC5FA003390FB /* Build configuration list for PBXProject "mlSpike" */ = {
			isa = XCConfigurationList;
			buildConfigurations = (
				8F78D7691F2FC5FA003390FB /* Debug */,
				8F78D76A1F2FC5FA003390FB /* Release */,
			);
			defaultConfigurationIsVisible = 0;
			defaultConfigurationName = Release;
		};
		8F78D76B1F2FC5FA003390FB /* Build configuration list for PBXNativeTarget "mlSpike" */ = {
			isa = XCConfigurationList;
			buildConfigurations = (
				8F78D76C1F2FC5FA003390FB /* Debug */,
				8F78D76D1F2FC5FA003390FB /* Release */,
			);
			defaultConfigurationIsVisible = 0;
			defaultConfigurationName = Release;
		};
		8F78D76E1F2FC5FA003390FB /* Build configuration list for PBXNativeTarget "mlSpikeTests" */ = {
			isa = XCConfigurationList;
			buildConfigurations = (
				8F78D76F1F2FC5FA003390FB /* Debug */,
				8F78D7701F2FC5FA003390FB /* Release */,
			);
			defaultConfigurationIsVisible = 0;
			defaultConfigurationName = Release;
		};
		8F78D7711F2FC5FA003390FB /* Build configuration list for PBXNativeTarget "mlSpikeUITests" */ = {
			isa = XCConfigurationList;
			buildConfigurations = (
				8F78D7721F2FC5FA003390FB /* Debug */,
				8F78D7731F2FC5FA003390FB /* Release */,
			);
			defaultConfigurationIsVisible = 0;
			defaultConfigurationName = Release;
		};
/* End XCConfigurationList section */
	};
	rootObject = 8F78D73B1F2FC5FA003390FB /* Project object */;
}
